{
  "object": {
    "pins": [
      {
        "package": "SwiftBeanCountParserUtils",
        "repositoryURL": "https://github.com/Nef10/SwiftBeanCountParserUtils.git",
        "state": {
          "branch": null,
          "revision": "c0978850756dd137f929cd9d523d443772881b3e",
          "version": "0.0.1"
        }
      }
    ]
  },
  "version": 1
}
